# THIS IS AN AUTOGENERATED FILE. DO NOT EDIT THIS FILE DIRECTLY.
# yarn lockfile v1


"@yfuks/react-native-action-sheet@0.0.x":
  version "0.0.4"
  resolved "https://registry.yarnpkg.com/@yfuks/react-native-action-sheet/-/react-native-action-sheet-0.0.4.tgz#8388b83696d750885b286f75376b2e61fe072b79"
